{
  "name": "@aiir/php-lambda",
  "version": "1.0.0",
  "lockfileVersion": 1,
  "requires": true,
  "dependencies": {
    "fastcgi-client": {
      "version": "0.0.1",
      "resolved": "https://registry.npmjs.org/fastcgi-client/-/fastcgi-client-0.0.1.tgz",
      "integrity": "sha1-EEbUL/LO4qmsA/6gRpWz73MRhhw="
    }
  }
}
